
Microsoft Visual Studio Solution File, Format Version 12.00
# Visual Studio Version 17
VisualStudioVersion = 17.0.31903.59
MinimumVisualStudioVersion = 10.0.40219.1
Project("{2150E333-8FDC-42A3-9474-1A3956D46DE8}") = "src", "src", "{CA82953D-AF2F-44AC-9CA8-C887C725EEC1}"
EndProject
Project("{FAE04EC0-301F-11D3-BF4B-00C04F79EFBC}") = "Nexus.Auth", "src\Nexus.Auth\Nexus.Auth.csproj", "{C163F182-136F-4BE9-BDEF-860C789B6916}"
EndProject
Project("{FAE04EC0-301F-11D3-BF4B-00C04F79EFBC}") = "Nexus.Common", "src\Nexus.Common\Nexus.Common.csproj", "{090A8D81-9C41-4A6A-83F4-FDE2F9EC4D2C}"
EndProject
Project("{FAE04EC0-301F-11D3-BF4B-00C04F79EFBC}") = "Nexus.Configuration", "src\Nexus.Configuration\Nexus.Configuration.csproj", "{ECD36707-B525-4E9A-80FB-DA21BDC7A00E}"
EndProject
Project("{FAE04EC0-301F-11D3-BF4B-00C04F79EFBC}") = "Nexus.Framework.Web", "src\Nexus.Framework.Web\Nexus.Framework.Web.csproj", "{875F995B-0DDE-4EA7-802E-C280FC947D2E}"
EndProject
Project("{FAE04EC0-301F-11D3-BF4B-00C04F79EFBC}") = "Nexus.Logs", "src\Nexus.Logs\Nexus.Logs.csproj", "{BF9BC0BC-75D9-4B85-B152-944DF6D4AAB2}"
EndProject
Project("{FAE04EC0-301F-11D3-BF4B-00C04F79EFBC}") = "Nexus.Management", "src\Nexus.Management\Nexus.Management.csproj", "{205F2B19-7644-48F7-B452-32CCFAA769DA}"
EndProject
Project("{FAE04EC0-301F-11D3-BF4B-00C04F79EFBC}") = "Nexus.Persistence", "src\Nexus.Persistence\Nexus.Persistence.csproj", "{0EB03D7B-D1EA-4EA4-8A74-45080845EA23}"
EndProject
Project("{FAE04EC0-301F-11D3-BF4B-00C04F79EFBC}") = "Nexus.Telemetry", "src\Nexus.Telemetry\Nexus.Telemetry.csproj", "{4CBA77A6-14A4-47F3-B438-33C0C670F6A7}"
EndProject
Project("{2150E333-8FDC-42A3-9474-1A3956D46DE8}") = "tests", "tests", "{D2DD885C-B5CB-4B56-A6FC-AD8EFC101684}"
EndProject
Project("{FAE04EC0-301F-11D3-BF4B-00C04F79EFBC}") = "Nexus.Auth.UnitTests", "tests\Nexus.Auth.UnitTests\Nexus.Auth.UnitTests.csproj", "{0C8F71EA-8D6F-4338-9EBA-2DFF7BA01C17}"
EndProject
Project("{FAE04EC0-301F-11D3-BF4B-00C04F79EFBC}") = "Nexus.Common.UnitTests", "tests\Nexus.Common.UnitTests\Nexus.Common.UnitTests.csproj", "{6D832A52-1045-4318-8291-936231CF27FD}"
EndProject
Project("{2150E333-8FDC-42A3-9474-1A3956D46DE8}") = "Solution Items", "Solution Items", "{38CCA796-0760-4D97-A5D9-149845E1BE8D}"
	ProjectSection(SolutionItems) = preProject
		.gitignore = .gitignore
		Directory.Packages.props = Directory.Packages.props
		global.json = global.json
		Directory.Build.props = Directory.Build.props
		.editorconfig = .editorconfig
		.github\workflows\dotnet.yml = .github\workflows\dotnet.yml
	EndProjectSection
EndProject
Global
	GlobalSection(SolutionConfigurationPlatforms) = preSolution
		Debug|Any CPU = Debug|Any CPU
		Release|Any CPU = Release|Any CPU
	EndGlobalSection
	GlobalSection(SolutionProperties) = preSolution
		HideSolutionNode = FALSE
	EndGlobalSection
	GlobalSection(ProjectConfigurationPlatforms) = postSolution
		{C163F182-136F-4BE9-BDEF-860C789B6916}.Debug|Any CPU.ActiveCfg = Debug|Any CPU
		{C163F182-136F-4BE9-BDEF-860C789B6916}.Debug|Any CPU.Build.0 = Debug|Any CPU
		{C163F182-136F-4BE9-BDEF-860C789B6916}.Release|Any CPU.ActiveCfg = Release|Any CPU
		{C163F182-136F-4BE9-BDEF-860C789B6916}.Release|Any CPU.Build.0 = Release|Any CPU
		{090A8D81-9C41-4A6A-83F4-FDE2F9EC4D2C}.Debug|Any CPU.ActiveCfg = Debug|Any CPU
		{090A8D81-9C41-4A6A-83F4-FDE2F9EC4D2C}.Debug|Any CPU.Build.0 = Debug|Any CPU
		{090A8D81-9C41-4A6A-83F4-FDE2F9EC4D2C}.Release|Any CPU.ActiveCfg = Release|Any CPU
		{090A8D81-9C41-4A6A-83F4-FDE2F9EC4D2C}.Release|Any CPU.Build.0 = Release|Any CPU
		{ECD36707-B525-4E9A-80FB-DA21BDC7A00E}.Debug|Any CPU.ActiveCfg = Debug|Any CPU
		{ECD36707-B525-4E9A-80FB-DA21BDC7A00E}.Debug|Any CPU.Build.0 = Debug|Any CPU
		{ECD36707-B525-4E9A-80FB-DA21BDC7A00E}.Release|Any CPU.ActiveCfg = Release|Any CPU
		{ECD36707-B525-4E9A-80FB-DA21BDC7A00E}.Release|Any CPU.Build.0 = Release|Any CPU
		{875F995B-0DDE-4EA7-802E-C280FC947D2E}.Debug|Any CPU.ActiveCfg = Debug|Any CPU
		{875F995B-0DDE-4EA7-802E-C280FC947D2E}.Debug|Any CPU.Build.0 = Debug|Any CPU
		{875F995B-0DDE-4EA7-802E-C280FC947D2E}.Release|Any CPU.ActiveCfg = Release|Any CPU
		{875F995B-0DDE-4EA7-802E-C280FC947D2E}.Release|Any CPU.Build.0 = Release|Any CPU
		{BF9BC0BC-75D9-4B85-B152-944DF6D4AAB2}.Debug|Any CPU.ActiveCfg = Debug|Any CPU
		{BF9BC0BC-75D9-4B85-B152-944DF6D4AAB2}.Debug|Any CPU.Build.0 = Debug|Any CPU
		{BF9BC0BC-75D9-4B85-B152-944DF6D4AAB2}.Release|Any CPU.ActiveCfg = Release|Any CPU
		{BF9BC0BC-75D9-4B85-B152-944DF6D4AAB2}.Release|Any CPU.Build.0 = Release|Any CPU
		{205F2B19-7644-48F7-B452-32CCFAA769DA}.Debug|Any CPU.ActiveCfg = Debug|Any CPU
		{205F2B19-7644-48F7-B452-32CCFAA769DA}.Debug|Any CPU.Build.0 = Debug|Any CPU
		{205F2B19-7644-48F7-B452-32CCFAA769DA}.Release|Any CPU.ActiveCfg = Release|Any CPU
		{205F2B19-7644-48F7-B452-32CCFAA769DA}.Release|Any CPU.Build.0 = Release|Any CPU
		{0EB03D7B-D1EA-4EA4-8A74-45080845EA23}.Debug|Any CPU.ActiveCfg = Debug|Any CPU
		{0EB03D7B-D1EA-4EA4-8A74-45080845EA23}.Debug|Any CPU.Build.0 = Debug|Any CPU
		{0EB03D7B-D1EA-4EA4-8A74-45080845EA23}.Release|Any CPU.ActiveCfg = Release|Any CPU
		{0EB03D7B-D1EA-4EA4-8A74-45080845EA23}.Release|Any CPU.Build.0 = Release|Any CPU
		{4CBA77A6-14A4-47F3-B438-33C0C670F6A7}.Debug|Any CPU.ActiveCfg = Debug|Any CPU
		{4CBA77A6-14A4-47F3-B438-33C0C670F6A7}.Debug|Any CPU.Build.0 = Debug|Any CPU
		{4CBA77A6-14A4-47F3-B438-33C0C670F6A7}.Release|Any CPU.ActiveCfg = Release|Any CPU
		{4CBA77A6-14A4-47F3-B438-33C0C670F6A7}.Release|Any CPU.Build.0 = Release|Any CPU
		{0C8F71EA-8D6F-4338-9EBA-2DFF7BA01C17}.Debug|Any CPU.ActiveCfg = Debug|Any CPU
		{0C8F71EA-8D6F-4338-9EBA-2DFF7BA01C17}.Debug|Any CPU.Build.0 = Debug|Any CPU
		{0C8F71EA-8D6F-4338-9EBA-2DFF7BA01C17}.Release|Any CPU.ActiveCfg = Release|Any CPU
		{0C8F71EA-8D6F-4338-9EBA-2DFF7BA01C17}.Release|Any CPU.Build.0 = Release|Any CPU
		{6D832A52-1045-4318-8291-936231CF27FD}.Debug|Any CPU.ActiveCfg = Debug|Any CPU
		{6D832A52-1045-4318-8291-936231CF27FD}.Debug|Any CPU.Build.0 = Debug|Any CPU
		{6D832A52-1045-4318-8291-936231CF27FD}.Release|Any CPU.ActiveCfg = Release|Any CPU
		{6D832A52-1045-4318-8291-936231CF27FD}.Release|Any CPU.Build.0 = Release|Any CPU
	EndGlobalSection
	GlobalSection(NestedProjects) = preSolution
		{C163F182-136F-4BE9-BDEF-860C789B6916} = {CA82953D-AF2F-44AC-9CA8-C887C725EEC1}
		{090A8D81-9C41-4A6A-83F4-FDE2F9EC4D2C} = {CA82953D-AF2F-44AC-9CA8-C887C725EEC1}
		{ECD36707-B525-4E9A-80FB-DA21BDC7A00E} = {CA82953D-AF2F-44AC-9CA8-C887C725EEC1}
		{875F995B-0DDE-4EA7-802E-C280FC947D2E} = {CA82953D-AF2F-44AC-9CA8-C887C725EEC1}
		{BF9BC0BC-75D9-4B85-B152-944DF6D4AAB2} = {CA82953D-AF2F-44AC-9CA8-C887C725EEC1}
		{205F2B19-7644-48F7-B452-32CCFAA769DA} = {CA82953D-AF2F-44AC-9CA8-C887C725EEC1}
		{0EB03D7B-D1EA-4EA4-8A74-45080845EA23} = {CA82953D-AF2F-44AC-9CA8-C887C725EEC1}
		{4CBA77A6-14A4-47F3-B438-33C0C670F6A7} = {CA82953D-AF2F-44AC-9CA8-C887C725EEC1}
		{0C8F71EA-8D6F-4338-9EBA-2DFF7BA01C17} = {D2DD885C-B5CB-4B56-A6FC-AD8EFC101684}
		{6D832A52-1045-4318-8291-936231CF27FD} = {D2DD885C-B5CB-4B56-A6FC-AD8EFC101684}
	EndGlobalSection
EndGlobal
